// !$*UTF8*$!
{
	archiveVersion = 1;
	classes = {
	};
	objectVersion = 55;
	objects = {

/* Begin PBXBuildFile section */
		514F067D2872EFDE008907DB /* AppDelegate.swift in Sources */ = {isa = PBXBuildFile; fileRef = 514F067C2872EFDE008907DB /* AppDelegate.swift */; };
		514F067F2872EFDE008907DB /* SceneDelegate.swift in Sources */ = {isa = PBXBuildFile; fileRef = 514F067E2872EFDE008907DB /* SceneDelegate.swift */; };
		514F06862872EFE0008907DB /* Assets.xcassets in Resources */ = {isa = PBXBuildFile; fileRef = 514F06852872EFE0008907DB /* Assets.xcassets */; };
		514F06892872EFE0008907DB /* LaunchScreen.storyboard in Resources */ = {isa = PBXBuildFile; fileRef = 514F06872872EFE0008907DB /* LaunchScreen.storyboard */; };
		514F06942872EFE0008907DB /* XMLParsingToSQLiteTests.swift in Sources */ = {isa = PBXBuildFile; fileRef = 514F06932872EFE0008907DB /* XMLParsingToSQLiteTests.swift */; };
		514F069E2872EFE0008907DB /* XMLParsingToSQLiteUITests.swift in Sources */ = {isa = PBXBuildFile; fileRef = 514F069D2872EFE0008907DB /* XMLParsingToSQLiteUITests.swift */; };
		514F06A02872EFE0008907DB /* XMLParsingToSQLiteUITestsLaunchTests.swift in Sources */ = {isa = PBXBuildFile; fileRef = 514F069F2872EFE0008907DB /* XMLParsingToSQLiteUITestsLaunchTests.swift */; };
		514F06AD2872F8BC008907DB /* importViewController.swift in Sources */ = {isa = PBXBuildFile; fileRef = 514F06AC2872F8BC008907DB /* importViewController.swift */; };
		514F06AF2872FA07008907DB /* Main.storyboard in Resources */ = {isa = PBXBuildFile; fileRef = 514F06AE2872FA07008907DB /* Main.storyboard */; };
		51549343287438EE00D83770 /* loadingViewController.swift in Sources */ = {isa = PBXBuildFile; fileRef = 51549342287438EE00D83770 /* loadingViewController.swift */; };
		5154934528743D8400D83770 /* xmlViewController.swift in Sources */ = {isa = PBXBuildFile; fileRef = 5154934428743D8400D83770 /* xmlViewController.swift */; };
		51A7E1132873C8E400F4AD50 /* database.swift in Sources */ = {isa = PBXBuildFile; fileRef = 51A7E1122873C8E400F4AD50 /* database.swift */; };
		51A7E1152873F65300F4AD50 /* data in Resources */ = {isa = PBXBuildFile; fileRef = 51A7E1142873F65300F4AD50 /* data */; };
/* End PBXBuildFile section */

/* Begin PBXContainerItemProxy section */
		514F06902872EFE0008907DB /* PBXContainerItemProxy */ = {
			isa = PBXContainerItemProxy;
			containerPortal = 514F06712872EFDE008907DB /* Project object */;
			proxyType = 1;
			remoteGlobalIDString = 514F06782872EFDE008907DB;
			remoteInfo = XMLParsingToSQLite;
		};
		514F069A2872EFE0008907DB /* PBXContainerItemProxy */ = {
			isa = PBXContainerItemProxy;
			containerPortal = 514F06712872EFDE008907DB /* Project object */;
			proxyType = 1;
			remoteGlobalIDString = 514F06782872EFDE008907DB;
			remoteInfo = XMLParsingToSQLite;
		};
/* End PBXContainerItemProxy section */

/* Begin PBXFileReference section */
		514F06792872EFDE008907DB /* XMLParsingToSQLite.app */ = {isa = PBXFileReference; explicitFileType = wrapper.application; includeInIndex = 0; path = XMLParsingToSQLite.app; sourceTree = BUILT_PRODUCTS_DIR; };
		514F067C2872EFDE008907DB /* AppDelegate.swift */ = {isa = PBXFileReference; lastKnownFileType = sourcecode.swift; path = AppDelegate.swift; sourceTree = "<group>"; };
		514F067E2872EFDE008907DB /* SceneDelegate.swift */ = {isa = PBXFileReference; lastKnownFileType = sourcecode.swift; path = SceneDelegate.swift; sourceTree = "<group>"; };
		514F06852872EFE0008907DB /* Assets.xcassets */ = {isa = PBXFileReference; lastKnownFileType = folder.assetcatalog; path = Assets.xcassets; sourceTree = "<group>"; };
		514F06882872EFE0008907DB /* Base */ = {isa = PBXFileReference; lastKnownFileType = file.storyboard; name = Base; path = Base.lproj/LaunchScreen.storyboard; sourceTree = "<group>"; };
		514F068A2872EFE0008907DB /* Info.plist */ = {isa = PBXFileReference; lastKnownFileType = text.plist.xml; path = Info.plist; sourceTree = "<group>"; };
		514F068F2872EFE0008907DB /* XMLParsingToSQLiteTests.xctest */ = {isa = PBXFileReference; explicitFileType = wrapper.cfbundle; includeInIndex = 0; path = XMLParsingToSQLiteTests.xctest; sourceTree = BUILT_PRODUCTS_DIR; };
		514F06932872EFE0008907DB /* XMLParsingToSQLiteTests.swift */ = {isa = PBXFileReference; lastKnownFileType = sourcecode.swift; path = XMLParsingToSQLiteTests.swift; sourceTree = "<group>"; };
		514F06992872EFE0008907DB /* XMLParsingToSQLiteUITests.xctest */ = {isa = PBXFileReference; explicitFileType = wrapper.cfbundle; includeInIndex = 0; path = XMLParsingToSQLiteUITests.xctest; sourceTree = BUILT_PRODUCTS_DIR; };
		514F069D2872EFE0008907DB /* XMLParsingToSQLiteUITests.swift */ = {isa = PBXFileReference; lastKnownFileType = sourcecode.swift; path = XMLParsingToSQLiteUITests.swift; sourceTree = "<group>"; };
		514F069F2872EFE0008907DB /* XMLParsingToSQLiteUITestsLaunchTests.swift */ = {isa = PBXFileReference; lastKnownFileType = sourcecode.swift; path = XMLParsingToSQLiteUITestsLaunchTests.swift; sourceTree = "<group>"; };
		514F06AC2872F8BC008907DB /* importViewController.swift */ = {isa = PBXFileReference; fileEncoding = 4; lastKnownFileType = sourcecode.swift; path = importViewController.swift; sourceTree = "<group>"; };
		514F06AE2872FA07008907DB /* Main.storyboard */ = {isa = PBXFileReference; lastKnownFileType = file.storyboard; path = Main.storyboard; sourceTree = "<group>"; };
		51549342287438EE00D83770 /* loadingViewController.swift */ = {isa = PBXFileReference; lastKnownFileType = sourcecode.swift; path = loadingViewController.swift; sourceTree = "<group>"; };
		5154934428743D8400D83770 /* xmlViewController.swift */ = {isa = PBXFileReference; fileEncoding = 4; lastKnownFileType = sourcecode.swift; name = xmlViewController.swift; path = ../../../.Trash/xmlViewController.swift; sourceTree = "<group>"; };
		51A7E1122873C8E400F4AD50 /* database.swift */ = {isa = PBXFileReference; lastKnownFileType = sourcecode.swift; path = database.swift; sourceTree = "<group>"; };
		51A7E1142873F65300F4AD50 /* data */ = {isa = PBXFileReference; lastKnownFileType = folder; path = data; sourceTree = "<group>"; };
/* End PBXFileReference section */

/* Begin PBXFrameworksBuildPhase section */
		514F06762872EFDE008907DB /* Frameworks */ = {
			isa = PBXFrameworksBuildPhase;
			buildActionMask = 2147483647;
			files = (
			);
			runOnlyForDeploymentPostprocessing = 0;
		};
		514F068C2872EFE0008907DB /* Frameworks */ = {
			isa = PBXFrameworksBuildPhase;
			buildActionMask = 2147483647;
			files = (
			);
			runOnlyForDeploymentPostprocessing = 0;
		};
		514F06962872EFE0008907DB /* Frameworks */ = {
			isa = PBXFrameworksBuildPhase;
			buildActionMask = 2147483647;
			files = (
			);
			runOnlyForDeploymentPostprocessing = 0;
		};
/* End PBXFrameworksBuildPhase section */

/* Begin PBXGroup section */
		514F06702872EFDE008907DB = {
			isa = PBXGroup;
			children = (
				51A7E1142873F65300F4AD50 /* data */,
				514F06AE2872FA07008907DB /* Main.storyboard */,
				514F067B2872EFDE008907DB /* XMLParsingToSQLite */,
				514F06922872EFE0008907DB /* XMLParsingToSQLiteTests */,
				514F069C2872EFE0008907DB /* XMLParsingToSQLiteUITests */,
				514F067A2872EFDE008907DB /* Products */,
			);
			sourceTree = "<group>";
		};
		514F067A2872EFDE008907DB /* Products */ = {
			isa = PBXGroup;
			children = (
				514F06792872EFDE008907DB /* XMLParsingToSQLite.app */,
				514F068F2872EFE0008907DB /* XMLParsingToSQLiteTests.xctest */,
				514F06992872EFE0008907DB /* XMLParsingToSQLiteUITests.xctest */,
			);
			name = Products;
			sourceTree = "<group>";
		};
		514F067B2872EFDE008907DB /* XMLParsingToSQLite */ = {
			isa = PBXGroup;
			children = (
				514F06AC2872F8BC008907DB /* importViewController.swift */,
				51549342287438EE00D83770 /* loadingViewController.swift */,
				5154934428743D8400D83770 /* xmlViewController.swift */,
				51A7E1122873C8E400F4AD50 /* database.swift */,
				514F067C2872EFDE008907DB /* AppDelegate.swift */,
				514F067E2872EFDE008907DB /* SceneDelegate.swift */,
				514F06852872EFE0008907DB /* Assets.xcassets */,
				514F06872872EFE0008907DB /* LaunchScreen.storyboard */,
				514F068A2872EFE0008907DB /* Info.plist */,
			);
			path = XMLParsingToSQLite;
			sourceTree = "<group>";
		};
		514F06922872EFE0008907DB /* XMLParsingToSQLiteTests */ = {
			isa = PBXGroup;
			children = (
				514F06932872EFE0008907DB /* XMLParsingToSQLiteTests.swift */,
			);
			path = XMLParsingToSQLiteTests;
			sourceTree = "<group>";
		};
		514F069C2872EFE0008907DB /* XMLParsingToSQLiteUITests */ = {
			isa = PBXGroup;
			children = (
				514F069D2872EFE0008907DB /* XMLParsingToSQLiteUITests.swift */,
				514F069F2872EFE0008907DB /* XMLParsingToSQLiteUITestsLaunchTests.swift */,
			);
			path = XMLParsingToSQLiteUITests;
			sourceTree = "<group>";
		};
/* End PBXGroup section */

/* Begin PBXNativeTarget section */
		514F06782872EFDE008907DB /* XMLParsingToSQLite */ = {
			isa = PBXNativeTarget;
			buildConfigurationList = 514F06A32872EFE0008907DB /* Build configuration list for PBXNativeTarget "XMLParsingToSQLite" */;
			buildPhases = (
				514F06752872EFDE008907DB /* Sources */,
				514F06762872EFDE008907DB /* Frameworks */,
				514F06772872EFDE008907DB /* Resources */,
			);
			buildRules = (
			);
			dependencies = (
			);
			name = XMLParsingToSQLite;
			productName = XMLParsingToSQLite;
			productReference = 514F06792872EFDE008907DB /* XMLParsingToSQLite.app */;
			productType = "com.apple.product-type.application";
		};
		514F068E2872EFE0008907DB /* XMLParsingToSQLiteTests */ = {
			isa = PBXNativeTarget;
			buildConfigurationList = 514F06A62872EFE0008907DB /* Build configuration list for PBXNativeTarget "XMLParsingToSQLiteTests" */;
			buildPhases = (
				514F068B2872EFE0008907DB /* Sources */,
				514F068C2872EFE0008907DB /* Frameworks */,
				514F068D2872EFE0008907DB /* Resources */,
			);
			buildRules = (
			);
			dependencies = (
				514F06912872EFE0008907DB /* PBXTargetDependency */,
			);
			name = XMLParsingToSQLiteTests;
			productName = XMLParsingToSQLiteTests;
			productReference = 514F068F2872EFE0008907DB /* XMLParsingToSQLiteTests.xctest */;
			productType = "com.apple.product-type.bundle.unit-test";
		};
		514F06982872EFE0008907DB /* XMLParsingToSQLiteUITests */ = {
			isa = PBXNativeTarget;
			buildConfigurationList = 514F06A92872EFE0008907DB /* Build configuration list for PBXNativeTarget "XMLParsingToSQLiteUITests" */;
			buildPhases = (
				514F06952872EFE0008907DB /* Sources */,
				514F06962872EFE0008907DB /* Frameworks */,
				514F06972872EFE0008907DB /* Resources */,
			);
			buildRules = (
			);
			dependencies = (
				514F069B2872EFE0008907DB /* PBXTargetDependency */,
			);
			name = XMLParsingToSQLiteUITests;
			productName = XMLParsingToSQLiteUITests;
			productReference = 514F06992872EFE0008907DB /* XMLParsingToSQLiteUITests.xctest */;
			productType = "com.apple.product-type.bundle.ui-testing";
		};
/* End PBXNativeTarget section */

/* Begin PBXProject section */
		514F06712872EFDE008907DB /* Project object */ = {
			isa = PBXProject;
			attributes = {
				BuildIndependentTargetsInParallel = 1;
				LastSwiftUpdateCheck = 1340;
				LastUpgradeCheck = 1340;
				TargetAttributes = {
					514F06782872EFDE008907DB = {
						CreatedOnToolsVersion = 13.4;
					};
					514F068E2872EFE0008907DB = {
						CreatedOnToolsVersion = 13.4;
						TestTargetID = 514F06782872EFDE008907DB;
					};
					514F06982872EFE0008907DB = {
						CreatedOnToolsVersion = 13.4;
						TestTargetID = 514F06782872EFDE008907DB;
					};
				};
			};
			buildConfigurationList = 514F06742872EFDE008907DB /* Build configuration list for PBXProject "XMLParsingToSQLite" */;
			compatibilityVersion = "Xcode 13.0";
			developmentRegion = en;
			hasScannedForEncodings = 0;
			knownRegions = (
				en,
				Base,
			);
			mainGroup = 514F06702872EFDE008907DB;
			productRefGroup = 514F067A2872EFDE008907DB /* Products */;
			projectDirPath = "";
			projectRoot = "";
			targets = (
				514F06782872EFDE008907DB /* XMLParsingToSQLite */,
				514F068E2872EFE0008907DB /* XMLParsingToSQLiteTests */,
				514F06982872EFE0008907DB /* XMLParsingToSQLiteUITests */,
			);
		};
/* End PBXProject section */

/* Begin PBXResourcesBuildPhase section */
		514F06772872EFDE008907DB /* Resources */ = {
			isa = PBXResourcesBuildPhase;
			buildActionMask = 2147483647;
			files = (
				514F06AF2872FA07008907DB /* Main.storyboard in Resources */,
				514F06892872EFE0008907DB /* LaunchScreen.storyboard in Resources */,
				51A7E1152873F65300F4AD50 /* data in Resources */,
				514F06862872EFE0008907DB /* Assets.xcassets in Resources */,
			);
			runOnlyForDeploymentPostprocessing = 0;
		};
		514F068D2872EFE0008907DB /* Resources */ = {
			isa = PBXResourcesBuildPhase;
			buildActionMask = 2147483647;
			files = (
			);
			runOnlyForDeploymentPostprocessing = 0;
		};
		514F06972872EFE0008907DB /* Resources */ = {
			isa = PBXResourcesBuildPhase;
			buildActionMask = 2147483647;
			files = (
			);
			runOnlyForDeploymentPostprocessing = 0;
		};
/* End PBXResourcesBuildPhase section */

/* Begin PBXSourcesBuildPhase section */
		514F06752872EFDE008907DB /* Sources */ = {
			isa = PBXSourcesBuildPhase;
			buildActionMask = 2147483647;
			files = (
				514F067D2872EFDE008907DB /* AppDelegate.swift in Sources */,
				514F067F2872EFDE008907DB /* SceneDelegate.swift in Sources */,
				5154934528743D8400D83770 /* xmlViewController.swift in Sources */,
				51A7E1132873C8E400F4AD50 /* database.swift in Sources */,
				514F06AD2872F8BC008907DB /* importViewController.swift in Sources */,
				51549343287438EE00D83770 /* loadingViewController.swift in Sources */,
			);
			runOnlyForDeploymentPostprocessing = 0;
		};
		514F068B2872EFE0008907DB /* Sources */ = {
			isa = PBXSourcesBuildPhase;
			buildActionMask = 2147483647;
			files = (
				514F06942872EFE0008907DB /* XMLParsingToSQLiteTests.swift in Sources */,
			);
			runOnlyForDeploymentPostprocessing = 0;
		};
		514F06952872EFE0008907DB /* Sources */ = {
			isa = PBXSourcesBuildPhase;
			buildActionMask = 2147483647;
			files = (
				514F06A02872EFE0008907DB /* XMLParsingToSQLiteUITestsLaunchTests.swift in Sources */,
				514F069E2872EFE0008907DB /* XMLParsingToSQLiteUITests.swift in Sources */,
			);
			runOnlyForDeploymentPostprocessing = 0;
		};
/* End PBXSourcesBuildPhase section */

/* Begin PBXTargetDependency section */
		514F06912872EFE0008907DB /* PBXTargetDependency */ = {
			isa = PBXTargetDependency;
			target = 514F06782872EFDE008907DB /* XMLParsingToSQLite */;
			targetProxy = 514F06902872EFE0008907DB /* PBXContainerItemProxy */;
		};
		514F069B2872EFE0008907DB /* PBXTargetDependency */ = {
			isa = PBXTargetDependency;
			target = 514F06782872EFDE008907DB /* XMLParsingToSQLite */;
			targetProxy = 514F069A2872EFE0008907DB /* PBXContainerItemProxy */;
		};
/* End PBXTargetDependency section */

/* Begin PBXVariantGroup section */
		514F06872872EFE0008907DB /* LaunchScreen.storyboard */ = {
			isa = PBXVariantGroup;
			children = (
				514F06882872EFE0008907DB /* Base */,
			);
			name = LaunchScreen.storyboard;
			sourceTree = "<group>";
		};
/* End PBXVariantGroup section */

/* Begin XCBuildConfiguration section */
		514F06A12872EFE0008907DB /* Debug */ = {
			isa = XCBuildConfiguration;
			buildSettings = {
				ALWAYS_SEARCH_USER_PATHS = NO;
				CLANG_ANALYZER_NONNULL = YES;
				CLANG_ANALYZER_NUMBER_OBJECT_CONVERSION = YES_AGGRESSIVE;
				CLANG_CXX_LANGUAGE_STANDARD = "gnu++17";
				CLANG_ENABLE_MODULES = YES;
				CLANG_ENABLE_OBJC_ARC = YES;
				CLANG_ENABLE_OBJC_WEAK = YES;
				CLANG_WARN_BLOCK_CAPTURE_AUTORELEASING = YES;
				CLANG_WARN_BOOL_CONVERSION = YES;
				CLANG_WARN_COMMA = YES;
				CLANG_WARN_CONSTANT_CONVERSION = YES;
				CLANG_WARN_DEPRECATED_OBJC_IMPLEMENTATIONS = YES;
				CLANG_WARN_DIRECT_OBJC_ISA_USAGE = YES_ERROR;
				CLANG_WARN_DOCUMENTATION_COMMENTS = YES;
				CLANG_WARN_EMPTY_BODY = YES;
				CLANG_WARN_ENUM_CONVERSION = YES;
				CLANG_WARN_INFINITE_RECURSION = YES;
				CLANG_WARN_INT_CONVERSION = YES;
				CLANG_WARN_NON_LITERAL_NULL_CONVERSION = YES;
				CLANG_WARN_OBJC_IMPLICIT_RETAIN_SELF = YES;
				CLANG_WARN_OBJC_LITERAL_CONVERSION = YES;
				CLANG_WARN_OBJC_ROOT_CLASS = YES_ERROR;
				CLANG_WARN_QUOTED_INCLUDE_IN_FRAMEWORK_HEADER = YES;
				CLANG_WARN_RANGE_LOOP_ANALYSIS = YES;
				CLANG_WARN_STRICT_PROTOTYPES = YES;
				CLANG_WARN_SUSPICIOUS_MOVE = YES;
				CLANG_WARN_UNGUARDED_AVAILABILITY = YES_AGGRESSIVE;
				CLANG_WARN_UNREACHABLE_CODE = YES;
				CLANG_WARN__DUPLICATE_METHOD_MATCH = YES;
				COPY_PHASE_STRIP = NO;
				DEBUG_INFORMATION_FORMAT = dwarf;
				ENABLE_STRICT_OBJC_MSGSEND = YES;
				ENABLE_TESTABILITY = YES;
				GCC_C_LANGUAGE_STANDARD = gnu11;
				GCC_DYNAMIC_NO_PIC = NO;
				GCC_NO_COMMON_BLOCKS = YES;
				GCC_OPTIMIZATION_LEVEL = 0;
				GCC_PREPROCESSOR_DEFINITIONS = (
					"DEBUG=1",
					"$(inherited)",
				);
				GCC_WARN_64_TO_32_BIT_CONVERSION = YES;
				GCC_WARN_ABOUT_RETURN_TYPE = YES_ERROR;
				GCC_WARN_UNDECLARED_SELECTOR = YES;
				GCC_WARN_UNINITIALIZED_AUTOS = YES_AGGRESSIVE;
				GCC_WARN_UNUSED_FUNCTION = YES;
				GCC_WARN_UNUSED_VARIABLE = YES;
				IPHONEOS_DEPLOYMENT_TARGET = 15.5;
				MTL_ENABLE_DEBUG_INFO = INCLUDE_SOURCE;
				MTL_FAST_MATH = YES;
				ONLY_ACTIVE_ARCH = YES;
				SDKROOT = iphoneos;
				SWIFT_ACTIVE_COMPILATION_CONDITIONS = DEBUG;
				SWIFT_OPTIMIZATION_LEVEL = "-Onone";
			};
			name = Debug;
		};
		514F06A22872EFE0008907DB /* Release */ = {
			isa = XCBuildConfiguration;
			buildSettings = {
				ALWAYS_SEARCH_USER_PATHS = NO;
				CLANG_ANALYZER_NONNULL = YES;
				CLANG_ANALYZER_NUMBER_OBJECT_CONVERSION = YES_AGGRESSIVE;
				CLANG_CXX_LANGUAGE_STANDARD = "gnu++17";
				CLANG_ENABLE_MODULES = YES;
				CLANG_ENABLE_OBJC_ARC = YES;
				CLANG_ENABLE_OBJC_WEAK = YES;
				CLANG_WARN_BLOCK_CAPTURE_AUTORELEASING = YES;
				CLANG_WARN_BOOL_CONVERSION = YES;
				CLANG_WARN_COMMA = YES;
				CLANG_WARN_CONSTANT_CONVERSION = YES;
				CLANG_WARN_DEPRECATED_OBJC_IMPLEMENTATIONS = YES;
				CLANG_WARN_DIRECT_OBJC_ISA_USAGE = YES_ERROR;
				CLANG_WARN_DOCUMENTATION_COMMENTS = YES;
				CLANG_WARN_EMPTY_BODY = YES;
				CLANG_WARN_ENUM_CONVERSION = YES;
				CLANG_WARN_INFINITE_RECURSION = YES;
				CLANG_WARN_INT_CONVERSION = YES;
				CLANG_WARN_NON_LITERAL_NULL_CONVERSION = YES;
				CLANG_WARN_OBJC_IMPLICIT_RETAIN_SELF = YES;
				CLANG_WARN_OBJC_LITERAL_CONVERSION = YES;
				CLANG_WARN_OBJC_ROOT_CLASS = YES_ERROR;
				CLANG_WARN_QUOTED_INCLUDE_IN_FRAMEWORK_HEADER = YES;
				CLANG_WARN_RANGE_LOOP_ANALYSIS = YES;
				CLANG_WARN_STRICT_PROTOTYPES = YES;
				CLANG_WARN_SUSPICIOUS_MOVE = YES;
				CLANG_WARN_UNGUARDED_AVAILABILITY = YES_AGGRESSIVE;
				CLANG_WARN_UNREACHABLE_CODE = YES;
				CLANG_WARN__DUPLICATE_METHOD_MATCH = YES;
				COPY_PHASE_STRIP = NO;
				DEBUG_INFORMATION_FORMAT = "dwarf-with-dsym";
				ENABLE_NS_ASSERTIONS = NO;
				ENABLE_STRICT_OBJC_MSGSEND = YES;
				GCC_C_LANGUAGE_STANDARD = gnu11;
				GCC_NO_COMMON_BLOCKS = YES;
				GCC_WARN_64_TO_32_BIT_CONVERSION = YES;
				GCC_WARN_ABOUT_RETURN_TYPE = YES_ERROR;
				GCC_WARN_UNDECLARED_SELECTOR = YES;
				GCC_WARN_UNINITIALIZED_AUTOS = YES_AGGRESSIVE;
				GCC_WARN_UNUSED_FUNCTION = YES;
				GCC_WARN_UNUSED_VARIABLE = YES;
				IPHONEOS_DEPLOYMENT_TARGET = 15.5;
				MTL_ENABLE_DEBUG_INFO = NO;
				MTL_FAST_MATH = YES;
				SDKROOT = iphoneos;
				SWIFT_COMPILATION_MODE = wholemodule;
				SWIFT_OPTIMIZATION_LEVEL = "-O";
				VALIDATE_PRODUCT = YES;
			};
			name = Release;
		};
		514F06A42872EFE0008907DB /* Debug */ = {
			isa = XCBuildConfiguration;
			buildSettings = {
				ASSETCATALOG_COMPILER_APPICON_NAME = AppIcon;
				ASSETCATALOG_COMPILER_GLOBAL_ACCENT_COLOR_NAME = AccentColor;
				CODE_SIGN_STYLE = Automatic;
				CURRENT_PROJECT_VERSION = 1;
				GENERATE_INFOPLIST_FILE = YES;
				INFOPLIST_FILE = XMLParsingToSQLite/Info.plist;
				INFOPLIST_KEY_UIApplicationSupportsIndirectInputEvents = YES;
				INFOPLIST_KEY_UILaunchStoryboardName = LaunchScreen;
				INFOPLIST_KEY_UIMainStoryboardFile = Main;
				INFOPLIST_KEY_UISupportedInterfaceOrientations_iPad = "UIInterfaceOrientationPortrait UIInterfaceOrientationPortraitUpsideDown UIInterfaceOrientationLandscapeLeft UIInterfaceOrientationLandscapeRight";
				INFOPLIST_KEY_UISupportedInterfaceOrientations_iPhone = "UIInterfaceOrientationPortrait UIInterfaceOrientationLandscapeLeft UIInterfaceOrientationLandscapeRight";
				LD_RUNPATH_SEARCH_PATHS = (
					"$(inherited)",
					"@executable_path/Frameworks",
				);
				MARKETING_VERSION = 1.0;
				PRODUCT_BUNDLE_IDENTIFIER = rta.XMLParsingToSQLite;
				PRODUCT_NAME = "$(TARGET_NAME)";
				SWIFT_EMIT_LOC_STRINGS = YES;
				SWIFT_VERSION = 5.0;
				TARGETED_DEVICE_FAMILY = "1,2";
			};
			name = Debug;
		};
		514F06A52872EFE0008907DB /* Release */ = {
			isa = XCBuildConfiguration;
			buildSettings = {
				ASSETCATALOG_COMPILER_APPICON_NAME = AppIcon;
				ASSETCATALOG_COMPILER_GLOBAL_ACCENT_COLOR_NAME = AccentColor;
				CODE_SIGN_STYLE = Automatic;
				CURRENT_PROJECT_VERSION = 1;
				GENERATE_INFOPLIST_FILE = YES;
				INFOPLIST_FILE = XMLParsingToSQLite/Info.plist;
				INFOPLIST_KEY_UIApplicationSupportsIndirectInputEvents = YES;
				INFOPLIST_KEY_UILaunchStoryboardName = LaunchScreen;
				INFOPLIST_KEY_UIMainStoryboardFile = Main;
				INFOPLIST_KEY_UISupportedInterfaceOrientations_iPad = "UIInterfaceOrientationPortrait UIInterfaceOrientationPortraitUpsideDown UIInterfaceOrientationLandscapeLeft UIInterfaceOrientationLandscapeRight";
				INFOPLIST_KEY_UISupportedInterfaceOrientations_iPhone = "UIInterfaceOrientationPortrait UIInterfaceOrientationLandscapeLeft UIInterfaceOrientationLandscapeRight";
				LD_RUNPATH_SEARCH_PATHS = (
					"$(inherited)",
					"@executable_path/Frameworks",
				);
				MARKETING_VERSION = 1.0;
				PRODUCT_BUNDLE_IDENTIFIER = rta.XMLParsingToSQLite;
				PRODUCT_NAME = "$(TARGET_NAME)";
				SWIFT_EMIT_LOC_STRINGS = YES;
				SWIFT_VERSION = 5.0;
				TARGETED_DEVICE_FAMILY = "1,2";
			};
			name = Release;
		};
		514F06A72872EFE0008907DB /* Debug */ = {
			isa = XCBuildConfiguration;
			buildSettings = {
				ALWAYS_EMBED_SWIFT_STANDARD_LIBRARIES = YES;
				BUNDLE_LOADER = "$(TEST_HOST)";
				CODE_SIGN_STYLE = Automatic;
				CURRENT_PROJECT_VERSION = 1;
				GENERATE_INFOPLIST_FILE = YES;
				IPHONEOS_DEPLOYMENT_TARGET = 15.5;
				MARKETING_VERSION = 1.0;
				PRODUCT_BUNDLE_IDENTIFIER = rta.XMLParsingToSQLiteTests;
				PRODUCT_NAME = "$(TARGET_NAME)";
				SWIFT_EMIT_LOC_STRINGS = NO;
				SWIFT_VERSION = 5.0;
				TARGETED_DEVICE_FAMILY = "1,2";
				TEST_HOST = "$(BUILT_PRODUCTS_DIR)/XMLParsingToSQLite.app/XMLParsingToSQLite";
			};
			name = Debug;
		};
		514F06A82872EFE0008907DB /* Release */ = {
			isa = XCBuildConfiguration;
			buildSettings = {
				ALWAYS_EMBED_SWIFT_STANDARD_LIBRARIES = YES;
				BUNDLE_LOADER = "$(TEST_HOST)";
				CODE_SIGN_STYLE = Automatic;
				CURRENT_PROJECT_VERSION = 1;
				GENERATE_INFOPLIST_FILE = YES;
				IPHONEOS_DEPLOYMENT_TARGET = 15.5;
				MARKETING_VERSION = 1.0;
				PRODUCT_BUNDLE_IDENTIFIER = rta.XMLParsingToSQLiteTests;
				PRODUCT_NAME = "$(TARGET_NAME)";
				SWIFT_EMIT_LOC_STRINGS = NO;
				SWIFT_VERSION = 5.0;
				TARGETED_DEVICE_FAMILY = "1,2";
				TEST_HOST = "$(BUILT_PRODUCTS_DIR)/XMLParsingToSQLite.app/XMLParsingToSQLite";
			};
			name = Release;
		};
		514F06AA2872EFE0008907DB /* Debug */ = {
			isa = XCBuildConfiguration;
			buildSettings = {
				ALWAYS_EMBED_SWIFT_STANDARD_LIBRARIES = YES;
				CODE_SIGN_STYLE = Automatic;
				CURRENT_PROJECT_VERSION = 1;
				GENERATE_INFOPLIST_FILE = YES;
				MARKETING_VERSION = 1.0;
				PRODUCT_BUNDLE_IDENTIFIER = rta.XMLParsingToSQLiteUITests;
				PRODUCT_NAME = "$(TARGET_NAME)";
				SWIFT_EMIT_LOC_STRINGS = NO;
				SWIFT_VERSION = 5.0;
				TARGETED_DEVICE_FAMILY = "1,2";
				TEST_TARGET_NAME = XMLParsingToSQLite;
			};
			name = Debug;
		};
		514F06AB2872EFE0008907DB /* Release */ = {
			isa = XCBuildConfiguration;
			buildSettings = {
				ALWAYS_EMBED_SWIFT_STANDARD_LIBRARIES = YES;
				CODE_SIGN_STYLE = Automatic;
				CURRENT_PROJECT_VERSION = 1;
				GENERATE_INFOPLIST_FILE = YES;
				MARKETING_VERSION = 1.0;
				PRODUCT_BUNDLE_IDENTIFIER = rta.XMLParsingToSQLiteUITests;
				PRODUCT_NAME = "$(TARGET_NAME)";
				SWIFT_EMIT_LOC_STRINGS = NO;
				SWIFT_VERSION = 5.0;
				TARGETED_DEVICE_FAMILY = "1,2";
				TEST_TARGET_NAME = XMLParsingToSQLite;
			};
			name = Release;
		};
/* End XCBuildConfiguration section */

/* Begin XCConfigurationList section */
		514F06742872EFDE008907DB /* Build configuration list for PBXProject "XMLParsingToSQLite" */ = {
			isa = XCConfigurationList;
			buildConfigurations = (
				514F06A12872EFE0008907DB /* Debug */,
				514F06A22872EFE0008907DB /* Release */,
			);
			defaultConfigurationIsVisible = 0;
			defaultConfigurationName = Release;
		};
		514F06A32872EFE0008907DB /* Build configuration list for PBXNativeTarget "XMLParsingToSQLite" */ = {
			isa = XCConfigurationList;
			buildConfigurations = (
				514F06A42872EFE0008907DB /* Debug */,
				514F06A52872EFE0008907DB /* Release */,
			);
			defaultConfigurationIsVisible = 0;
			defaultConfigurationName = Release;
		};
		514F06A62872EFE0008907DB /* Build configuration list for PBXNativeTarget "XMLParsingToSQLiteTests" */ = {
			isa = XCConfigurationList;
			buildConfigurations = (
				514F06A72872EFE0008907DB /* Debug */,
				514F06A82872EFE0008907DB /* Release */,
			);
			defaultConfigurationIsVisible = 0;
			defaultConfigurationName = Release;
		};
		514F06A92872EFE0008907DB /* Build configuration list for PBXNativeTarget "XMLParsingToSQLiteUITests" */ = {
			isa = XCConfigurationList;
			buildConfigurations = (
				514F06AA2872EFE0008907DB /* Debug */,
				514F06AB2872EFE0008907DB /* Release */,
			);
			defaultConfigurationIsVisible = 0;
			defaultConfigurationName = Release;
		};
/* End XCConfigurationList section */
	};
	rootObject = 514F06712872EFDE008907DB /* Project object */;
}
