// !$*UTF8*$!
{
	archiveVersion = 1;
	classes = {
	};
	objectVersion = 55;
	objects = {

/* Begin PBXBuildFile section */
		514A04F1287691DC00F9EA50 /* FileHelper.swift in Sources */ = {isa = PBXBuildFile; fileRef = 514A04F0287691DC00F9EA50 /* FileHelper.swift */; };
		514A05302876DF0D00F9EA50 /* DBManager.swift in Sources */ = {isa = PBXBuildFile; fileRef = 514A052F2876DF0D00F9EA50 /* DBManager.swift */; };
		514F067D2872EFDE008907DB /* AppDelegate.swift in Sources */ = {isa = PBXBuildFile; fileRef = 514F067C2872EFDE008907DB /* AppDelegate.swift */; };
		514F067F2872EFDE008907DB /* SceneDelegate.swift in Sources */ = {isa = PBXBuildFile; fileRef = 514F067E2872EFDE008907DB /* SceneDelegate.swift */; };
		514F06862872EFE0008907DB /* Assets.xcassets in Resources */ = {isa = PBXBuildFile; fileRef = 514F06852872EFE0008907DB /* Assets.xcassets */; };
		514F06892872EFE0008907DB /* LaunchScreen.storyboard in Resources */ = {isa = PBXBuildFile; fileRef = 514F06872872EFE0008907DB /* LaunchScreen.storyboard */; };
		514F06AD2872F8BC008907DB /* ImportViewController.swift in Sources */ = {isa = PBXBuildFile; fileRef = 514F06AC2872F8BC008907DB /* ImportViewController.swift */; };
		514F06AF2872FA07008907DB /* Main.storyboard in Resources */ = {isa = PBXBuildFile; fileRef = 514F06AE2872FA07008907DB /* Main.storyboard */; };
		51549343287438EE00D83770 /* LoadingViewController.swift in Sources */ = {isa = PBXBuildFile; fileRef = 51549342287438EE00D83770 /* LoadingViewController.swift */; };
		51A7E1152873F65300F4AD50 /* data in Resources */ = {isa = PBXBuildFile; fileRef = 51A7E1142873F65300F4AD50 /* data */; };
		51A7F052287FE9A900AA0711 /* FMDB in Frameworks */ = {isa = PBXBuildFile; productRef = 51A7F051287FE9A900AA0711 /* FMDB */; };
		51A7F05A287FED9400AA0711 /* XMLParsingToSQLiteTests.swift in Sources */ = {isa = PBXBuildFile; fileRef = 51A7F059287FED9400AA0711 /* XMLParsingToSQLiteTests.swift */; };
		51A7F060287FF29D00AA0711 /* FileHelper.swift in Sources */ = {isa = PBXBuildFile; fileRef = 514A04F0287691DC00F9EA50 /* FileHelper.swift */; };
		51A7F061287FF29D00AA0711 /* DBManager.swift in Sources */ = {isa = PBXBuildFile; fileRef = 514A052F2876DF0D00F9EA50 /* DBManager.swift */; };
		51A7F0632880048C00AA0711 /* XmlViewController.swift in Sources */ = {isa = PBXBuildFile; fileRef = 51A7F0622880048C00AA0711 /* XmlViewController.swift */; };
/* End PBXBuildFile section */

/* Begin PBXContainerItemProxy section */
		51A7F05B287FED9400AA0711 /* PBXContainerItemProxy */ = {
			isa = PBXContainerItemProxy;
			containerPortal = 514F06712872EFDE008907DB /* Project object */;
			proxyType = 1;
			remoteGlobalIDString = 514F06782872EFDE008907DB;
			remoteInfo = XMLParsingToSQLite;
		};
/* End PBXContainerItemProxy section */

/* Begin PBXFileReference section */
		514A04F0287691DC00F9EA50 /* FileHelper.swift */ = {isa = PBXFileReference; lastKnownFileType = sourcecode.swift; path = FileHelper.swift; sourceTree = "<group>"; };
		514A052F2876DF0D00F9EA50 /* DBManager.swift */ = {isa = PBXFileReference; lastKnownFileType = sourcecode.swift; path = DBManager.swift; sourceTree = "<group>"; };
		514F06792872EFDE008907DB /* XMLParsingToSQLite.app */ = {isa = PBXFileReference; explicitFileType = wrapper.application; includeInIndex = 0; path = XMLParsingToSQLite.app; sourceTree = BUILT_PRODUCTS_DIR; };
		514F067C2872EFDE008907DB /* AppDelegate.swift */ = {isa = PBXFileReference; lastKnownFileType = sourcecode.swift; path = AppDelegate.swift; sourceTree = "<group>"; };
		514F067E2872EFDE008907DB /* SceneDelegate.swift */ = {isa = PBXFileReference; lastKnownFileType = sourcecode.swift; path = SceneDelegate.swift; sourceTree = "<group>"; };
		514F06852872EFE0008907DB /* Assets.xcassets */ = {isa = PBXFileReference; lastKnownFileType = folder.assetcatalog; path = Assets.xcassets; sourceTree = "<group>"; };
		514F06882872EFE0008907DB /* Base */ = {isa = PBXFileReference; lastKnownFileType = file.storyboard; name = Base; path = Base.lproj/LaunchScreen.storyboard; sourceTree = "<group>"; };
		514F068A2872EFE0008907DB /* Info.plist */ = {isa = PBXFileReference; lastKnownFileType = text.plist.xml; path = Info.plist; sourceTree = "<group>"; };
		514F06AC2872F8BC008907DB /* ImportViewController.swift */ = {isa = PBXFileReference; fileEncoding = 4; lastKnownFileType = sourcecode.swift; path = ImportViewController.swift; sourceTree = "<group>"; };
		514F06AE2872FA07008907DB /* Main.storyboard */ = {isa = PBXFileReference; lastKnownFileType = file.storyboard; path = Main.storyboard; sourceTree = "<group>"; };
		51549342287438EE00D83770 /* LoadingViewController.swift */ = {isa = PBXFileReference; lastKnownFileType = sourcecode.swift; path = LoadingViewController.swift; sourceTree = "<group>"; };
		51A7E1142873F65300F4AD50 /* data */ = {isa = PBXFileReference; lastKnownFileType = folder; path = data; sourceTree = "<group>"; };
		51A7F057287FED9400AA0711 /* XMLParsingToSQLiteTests.xctest */ = {isa = PBXFileReference; explicitFileType = wrapper.cfbundle; includeInIndex = 0; path = XMLParsingToSQLiteTests.xctest; sourceTree = BUILT_PRODUCTS_DIR; };
		51A7F059287FED9400AA0711 /* XMLParsingToSQLiteTests.swift */ = {isa = PBXFileReference; lastKnownFileType = sourcecode.swift; path = XMLParsingToSQLiteTests.swift; sourceTree = "<group>"; };
		51A7F0622880048C00AA0711 /* XmlViewController.swift */ = {isa = PBXFileReference; fileEncoding = 4; lastKnownFileType = sourcecode.swift; path = XmlViewController.swift; sourceTree = "<group>"; };
/* End PBXFileReference section */

/* Begin PBXFrameworksBuildPhase section */
		514F06762872EFDE008907DB /* Frameworks */ = {
			isa = PBXFrameworksBuildPhase;
			buildActionMask = 2147483647;
			files = (
				51A7F052287FE9A900AA0711 /* FMDB in Frameworks */,
			);
			runOnlyForDeploymentPostprocessing = 0;
		};
		51A7F054287FED9400AA0711 /* Frameworks */ = {
			isa = PBXFrameworksBuildPhase;
			buildActionMask = 2147483647;
			files = (
			);
			runOnlyForDeploymentPostprocessing = 0;
		};
/* End PBXFrameworksBuildPhase section */

/* Begin PBXGroup section */
		514F06702872EFDE008907DB = {
			isa = PBXGroup;
			children = (
				51A7E1142873F65300F4AD50 /* data */,
				514F06AE2872FA07008907DB /* Main.storyboard */,
				514F06872872EFE0008907DB /* LaunchScreen.storyboard */,
				514F067B2872EFDE008907DB /* XMLParsingToSQLite */,
				51A7F058287FED9400AA0711 /* XMLParsingToSQLiteTests */,
				514F067A2872EFDE008907DB /* Products */,
			);
			sourceTree = "<group>";
		};
		514F067A2872EFDE008907DB /* Products */ = {
			isa = PBXGroup;
			children = (
				514F06792872EFDE008907DB /* XMLParsingToSQLite.app */,
				51A7F057287FED9400AA0711 /* XMLParsingToSQLiteTests.xctest */,
			);
			name = Products;
			sourceTree = "<group>";
		};
		514F067B2872EFDE008907DB /* XMLParsingToSQLite */ = {
			isa = PBXGroup;
			children = (
				51A7F0622880048C00AA0711 /* XmlViewController.swift */,
				514F06AC2872F8BC008907DB /* ImportViewController.swift */,
				51549342287438EE00D83770 /* LoadingViewController.swift */,
				514F067C2872EFDE008907DB /* AppDelegate.swift */,
				514F067E2872EFDE008907DB /* SceneDelegate.swift */,
				514F06852872EFE0008907DB /* Assets.xcassets */,
				514F068A2872EFE0008907DB /* Info.plist */,
				514A04F0287691DC00F9EA50 /* FileHelper.swift */,
				514A052F2876DF0D00F9EA50 /* DBManager.swift */,
			);
			path = XMLParsingToSQLite;
			sourceTree = "<group>";
		};
		51A7F058287FED9400AA0711 /* XMLParsingToSQLiteTests */ = {
			isa = PBXGroup;
			children = (
				51A7F059287FED9400AA0711 /* XMLParsingToSQLiteTests.swift */,
			);
			path = XMLParsingToSQLiteTests;
			sourceTree = "<group>";
		};
/* End PBXGroup section */

/* Begin PBXNativeTarget section */
		514F06782872EFDE008907DB /* XMLParsingToSQLite */ = {
			isa = PBXNativeTarget;
			buildConfigurationList = 514F06A32872EFE0008907DB /* Build configuration list for PBXNativeTarget "XMLParsingToSQLite" */;
			buildPhases = (
				514F06752872EFDE008907DB /* Sources */,
				514F06762872EFDE008907DB /* Frameworks */,
				514F06772872EFDE008907DB /* Resources */,
			);
			buildRules = (
			);
			dependencies = (
			);
			name = XMLParsingToSQLite;
			packageProductDependencies = (
				51A7F051287FE9A900AA0711 /* FMDB */,
			);
			productName = XMLParsingToSQLite;
			productReference = 514F06792872EFDE008907DB /* XMLParsingToSQLite.app */;
			productType = "com.apple.product-type.application";
		};
		51A7F056287FED9400AA0711 /* XMLParsingToSQLiteTests */ = {
			isa = PBXNativeTarget;
			buildConfigurationList = 51A7F05D287FED9400AA0711 /* Build configuration list for PBXNativeTarget "XMLParsingToSQLiteTests" */;
			buildPhases = (
				51A7F053287FED9400AA0711 /* Sources */,
				51A7F054287FED9400AA0711 /* Frameworks */,
				51A7F055287FED9400AA0711 /* Resources */,
			);
			buildRules = (
			);
			dependencies = (
				51A7F05C287FED9400AA0711 /* PBXTargetDependency */,
			);
			name = XMLParsingToSQLiteTests;
			productName = XMLParsingToSQLiteTests;
			productReference = 51A7F057287FED9400AA0711 /* XMLParsingToSQLiteTests.xctest */;
			productType = "com.apple.product-type.bundle.unit-test";
		};
/* End PBXNativeTarget section */

/* Begin PBXProject section */
		514F06712872EFDE008907DB /* Project object */ = {
			isa = PBXProject;
			attributes = {
				BuildIndependentTargetsInParallel = 1;
				LastSwiftUpdateCheck = 1340;
				LastUpgradeCheck = 1340;
				TargetAttributes = {
					514F06782872EFDE008907DB = {
						CreatedOnToolsVersion = 13.4;
						LastSwiftMigration = 1340;
					};
					51A7F056287FED9400AA0711 = {
						CreatedOnToolsVersion = 13.4;
						TestTargetID = 514F06782872EFDE008907DB;
					};
				};
			};
			buildConfigurationList = 514F06742872EFDE008907DB /* Build configuration list for PBXProject "XMLParsingToSQLite" */;
			compatibilityVersion = "Xcode 13.0";
			developmentRegion = en;
			hasScannedForEncodings = 0;
			knownRegions = (
				en,
				Base,
			);
			mainGroup = 514F06702872EFDE008907DB;
			packageReferences = (
				51A7F050287FE9A900AA0711 /* XCRemoteSwiftPackageReference "fmdb" */,
			);
			productRefGroup = 514F067A2872EFDE008907DB /* Products */;
			projectDirPath = "";
			projectRoot = "";
			targets = (
				514F06782872EFDE008907DB /* XMLParsingToSQLite */,
				51A7F056287FED9400AA0711 /* XMLParsingToSQLiteTests */,
			);
		};
/* End PBXProject section */

/* Begin PBXResourcesBuildPhase section */
		514F06772872EFDE008907DB /* Resources */ = {
			isa = PBXResourcesBuildPhase;
			buildActionMask = 2147483647;
			files = (
				514F06AF2872FA07008907DB /* Main.storyboard in Resources */,
				514F06892872EFE0008907DB /* LaunchScreen.storyboard in Resources */,
				51A7E1152873F65300F4AD50 /* data in Resources */,
				514F06862872EFE0008907DB /* Assets.xcassets in Resources */,
			);
			runOnlyForDeploymentPostprocessing = 0;
		};
		51A7F055287FED9400AA0711 /* Resources */ = {
			isa = PBXResourcesBuildPhase;
			buildActionMask = 2147483647;
			files = (
			);
			runOnlyForDeploymentPostprocessing = 0;
		};
/* End PBXResourcesBuildPhase section */

/* Begin PBXSourcesBuildPhase section */
		514F06752872EFDE008907DB /* Sources */ = {
			isa = PBXSourcesBuildPhase;
			buildActionMask = 2147483647;
			files = (
				514F067D2872EFDE008907DB /* AppDelegate.swift in Sources */,
				514F067F2872EFDE008907DB /* SceneDelegate.swift in Sources */,
				514F06AD2872F8BC008907DB /* ImportViewController.swift in Sources */,
				51A7F0632880048C00AA0711 /* XmlViewController.swift in Sources */,
				51549343287438EE00D83770 /* LoadingViewController.swift in Sources */,
				514A04F1287691DC00F9EA50 /* FileHelper.swift in Sources */,
				514A05302876DF0D00F9EA50 /* DBManager.swift in Sources */,
			);
			runOnlyForDeploymentPostprocessing = 0;
		};
		51A7F053287FED9400AA0711 /* Sources */ = {
			isa = PBXSourcesBuildPhase;
			buildActionMask = 2147483647;
			files = (
				51A7F060287FF29D00AA0711 /* FileHelper.swift in Sources */,
				51A7F061287FF29D00AA0711 /* DBManager.swift in Sources */,
				51A7F05A287FED9400AA0711 /* XMLParsingToSQLiteTests.swift in Sources */,
			);
			runOnlyForDeploymentPostprocessing = 0;
		};
/* End PBXSourcesBuildPhase section */

/* Begin PBXTargetDependency section */
		51A7F05C287FED9400AA0711 /* PBXTargetDependency */ = {
			isa = PBXTargetDependency;
			target = 514F06782872EFDE008907DB /* XMLParsingToSQLite */;
			targetProxy = 51A7F05B287FED9400AA0711 /* PBXContainerItemProxy */;
		};
/* End PBXTargetDependency section */

/* Begin PBXVariantGroup section */
		514F06872872EFE0008907DB /* LaunchScreen.storyboard */ = {
			isa = PBXVariantGroup;
			children = (
				514F06882872EFE0008907DB /* Base */,
			);
			name = LaunchScreen.storyboard;
			sourceTree = "<group>";
		};
/* End PBXVariantGroup section */

/* Begin XCBuildConfiguration section */
		514F06A12872EFE0008907DB /* Debug */ = {
			isa = XCBuildConfiguration;
			buildSettings = {
				ALWAYS_SEARCH_USER_PATHS = NO;
				CLANG_ANALYZER_NONNULL = YES;
				CLANG_ANALYZER_NUMBER_OBJECT_CONVERSION = YES_AGGRESSIVE;
				CLANG_CXX_LANGUAGE_STANDARD = "gnu++17";
				CLANG_ENABLE_MODULES = YES;
				CLANG_ENABLE_OBJC_ARC = YES;
				CLANG_ENABLE_OBJC_WEAK = YES;
				CLANG_WARN_BLOCK_CAPTURE_AUTORELEASING = YES;
				CLANG_WARN_BOOL_CONVERSION = YES;
				CLANG_WARN_COMMA = YES;
				CLANG_WARN_CONSTANT_CONVERSION = YES;
				CLANG_WARN_DEPRECATED_OBJC_IMPLEMENTATIONS = YES;
				CLANG_WARN_DIRECT_OBJC_ISA_USAGE = YES_ERROR;
				CLANG_WARN_DOCUMENTATION_COMMENTS = YES;
				CLANG_WARN_EMPTY_BODY = YES;
				CLANG_WARN_ENUM_CONVERSION = YES;
				CLANG_WARN_INFINITE_RECURSION = YES;
				CLANG_WARN_INT_CONVERSION = YES;
				CLANG_WARN_NON_LITERAL_NULL_CONVERSION = YES;
				CLANG_WARN_OBJC_IMPLICIT_RETAIN_SELF = YES;
				CLANG_WARN_OBJC_LITERAL_CONVERSION = YES;
				CLANG_WARN_OBJC_ROOT_CLASS = YES_ERROR;
				CLANG_WARN_QUOTED_INCLUDE_IN_FRAMEWORK_HEADER = YES;
				CLANG_WARN_RANGE_LOOP_ANALYSIS = YES;
				CLANG_WARN_STRICT_PROTOTYPES = YES;
				CLANG_WARN_SUSPICIOUS_MOVE = YES;
				CLANG_WARN_UNGUARDED_AVAILABILITY = YES_AGGRESSIVE;
				CLANG_WARN_UNREACHABLE_CODE = YES;
				CLANG_WARN__DUPLICATE_METHOD_MATCH = YES;
				COPY_PHASE_STRIP = NO;
				DEBUG_INFORMATION_FORMAT = dwarf;
				ENABLE_STRICT_OBJC_MSGSEND = YES;
				ENABLE_TESTABILITY = YES;
				GCC_C_LANGUAGE_STANDARD = gnu11;
				GCC_DYNAMIC_NO_PIC = NO;
				GCC_NO_COMMON_BLOCKS = YES;
				GCC_OPTIMIZATION_LEVEL = 0;
				GCC_PREPROCESSOR_DEFINITIONS = (
					"DEBUG=1",
					"$(inherited)",
				);
				GCC_WARN_64_TO_32_BIT_CONVERSION = YES;
				GCC_WARN_ABOUT_RETURN_TYPE = YES_ERROR;
				GCC_WARN_UNDECLARED_SELECTOR = YES;
				GCC_WARN_UNINITIALIZED_AUTOS = YES_AGGRESSIVE;
				GCC_WARN_UNUSED_FUNCTION = YES;
				GCC_WARN_UNUSED_VARIABLE = YES;
				IPHONEOS_DEPLOYMENT_TARGET = 15.5;
				MTL_ENABLE_DEBUG_INFO = INCLUDE_SOURCE;
				MTL_FAST_MATH = YES;
				ONLY_ACTIVE_ARCH = YES;
				SDKROOT = iphoneos;
				SWIFT_ACTIVE_COMPILATION_CONDITIONS = DEBUG;
				SWIFT_OPTIMIZATION_LEVEL = "-Onone";
			};
			name = Debug;
		};
		514F06A22872EFE0008907DB /* Release */ = {
			isa = XCBuildConfiguration;
			buildSettings = {
				ALWAYS_SEARCH_USER_PATHS = NO;
				CLANG_ANALYZER_NONNULL = YES;
				CLANG_ANALYZER_NUMBER_OBJECT_CONVERSION = YES_AGGRESSIVE;
				CLANG_CXX_LANGUAGE_STANDARD = "gnu++17";
				CLANG_ENABLE_MODULES = YES;
				CLANG_ENABLE_OBJC_ARC = YES;
				CLANG_ENABLE_OBJC_WEAK = YES;
				CLANG_WARN_BLOCK_CAPTURE_AUTORELEASING = YES;
				CLANG_WARN_BOOL_CONVERSION = YES;
				CLANG_WARN_COMMA = YES;
				CLANG_WARN_CONSTANT_CONVERSION = YES;
				CLANG_WARN_DEPRECATED_OBJC_IMPLEMENTATIONS = YES;
				CLANG_WARN_DIRECT_OBJC_ISA_USAGE = YES_ERROR;
				CLANG_WARN_DOCUMENTATION_COMMENTS = YES;
				CLANG_WARN_EMPTY_BODY = YES;
				CLANG_WARN_ENUM_CONVERSION = YES;
				CLANG_WARN_INFINITE_RECURSION = YES;
				CLANG_WARN_INT_CONVERSION = YES;
				CLANG_WARN_NON_LITERAL_NULL_CONVERSION = YES;
				CLANG_WARN_OBJC_IMPLICIT_RETAIN_SELF = YES;
				CLANG_WARN_OBJC_LITERAL_CONVERSION = YES;
				CLANG_WARN_OBJC_ROOT_CLASS = YES_ERROR;
				CLANG_WARN_QUOTED_INCLUDE_IN_FRAMEWORK_HEADER = YES;
				CLANG_WARN_RANGE_LOOP_ANALYSIS = YES;
				CLANG_WARN_STRICT_PROTOTYPES = YES;
				CLANG_WARN_SUSPICIOUS_MOVE = YES;
				CLANG_WARN_UNGUARDED_AVAILABILITY = YES_AGGRESSIVE;
				CLANG_WARN_UNREACHABLE_CODE = YES;
				CLANG_WARN__DUPLICATE_METHOD_MATCH = YES;
				COPY_PHASE_STRIP = NO;
				DEBUG_INFORMATION_FORMAT = "dwarf-with-dsym";
				ENABLE_NS_ASSERTIONS = NO;
				ENABLE_STRICT_OBJC_MSGSEND = YES;
				GCC_C_LANGUAGE_STANDARD = gnu11;
				GCC_NO_COMMON_BLOCKS = YES;
				GCC_WARN_64_TO_32_BIT_CONVERSION = YES;
				GCC_WARN_ABOUT_RETURN_TYPE = YES_ERROR;
				GCC_WARN_UNDECLARED_SELECTOR = YES;
				GCC_WARN_UNINITIALIZED_AUTOS = YES_AGGRESSIVE;
				GCC_WARN_UNUSED_FUNCTION = YES;
				GCC_WARN_UNUSED_VARIABLE = YES;
				IPHONEOS_DEPLOYMENT_TARGET = 15.5;
				MTL_ENABLE_DEBUG_INFO = NO;
				MTL_FAST_MATH = YES;
				SDKROOT = iphoneos;
				SWIFT_COMPILATION_MODE = wholemodule;
				SWIFT_OPTIMIZATION_LEVEL = "-O";
				VALIDATE_PRODUCT = YES;
			};
			name = Release;
		};
		514F06A42872EFE0008907DB /* Debug */ = {
			isa = XCBuildConfiguration;
			buildSettings = {
				ASSETCATALOG_COMPILER_APPICON_NAME = AppIcon;
				ASSETCATALOG_COMPILER_GLOBAL_ACCENT_COLOR_NAME = AccentColor;
				CLANG_ENABLE_MODULES = YES;
				CODE_SIGN_STYLE = Automatic;
				CURRENT_PROJECT_VERSION = 1;
				GENERATE_INFOPLIST_FILE = YES;
				INFOPLIST_FILE = XMLParsingToSQLite/Info.plist;
				INFOPLIST_KEY_UIApplicationSupportsIndirectInputEvents = YES;
				INFOPLIST_KEY_UILaunchStoryboardName = LaunchScreen;
				INFOPLIST_KEY_UIMainStoryboardFile = Main;
				INFOPLIST_KEY_UISupportedInterfaceOrientations_iPad = "UIInterfaceOrientationPortrait UIInterfaceOrientationPortraitUpsideDown UIInterfaceOrientationLandscapeLeft UIInterfaceOrientationLandscapeRight";
				INFOPLIST_KEY_UISupportedInterfaceOrientations_iPhone = "UIInterfaceOrientationPortrait UIInterfaceOrientationLandscapeLeft UIInterfaceOrientationLandscapeRight";
				LD_RUNPATH_SEARCH_PATHS = (
					"$(inherited)",
					"@executable_path/Frameworks",
				);
				MARKETING_VERSION = 1.0;
				PRODUCT_BUNDLE_IDENTIFIER = rta.XMLParsingToSQLite;
				PRODUCT_NAME = "$(TARGET_NAME)";
				SWIFT_EMIT_LOC_STRINGS = YES;
				SWIFT_OPTIMIZATION_LEVEL = "-Onone";
				SWIFT_VERSION = 5.0;
				TARGETED_DEVICE_FAMILY = "1,2";
			};
			name = Debug;
		};
		514F06A52872EFE0008907DB /* Release */ = {
			isa = XCBuildConfiguration;
			buildSettings = {
				ASSETCATALOG_COMPILER_APPICON_NAME = AppIcon;
				ASSETCATALOG_COMPILER_GLOBAL_ACCENT_COLOR_NAME = AccentColor;
				CLANG_ENABLE_MODULES = YES;
				CODE_SIGN_STYLE = Automatic;
				CURRENT_PROJECT_VERSION = 1;
				GENERATE_INFOPLIST_FILE = YES;
				INFOPLIST_FILE = XMLParsingToSQLite/Info.plist;
				INFOPLIST_KEY_UIApplicationSupportsIndirectInputEvents = YES;
				INFOPLIST_KEY_UILaunchStoryboardName = LaunchScreen;
				INFOPLIST_KEY_UIMainStoryboardFile = Main;
				INFOPLIST_KEY_UISupportedInterfaceOrientations_iPad = "UIInterfaceOrientationPortrait UIInterfaceOrientationPortraitUpsideDown UIInterfaceOrientationLandscapeLeft UIInterfaceOrientationLandscapeRight";
				INFOPLIST_KEY_UISupportedInterfaceOrientations_iPhone = "UIInterfaceOrientationPortrait UIInterfaceOrientationLandscapeLeft UIInterfaceOrientationLandscapeRight";
				LD_RUNPATH_SEARCH_PATHS = (
					"$(inherited)",
					"@executable_path/Frameworks",
				);
				MARKETING_VERSION = 1.0;
				PRODUCT_BUNDLE_IDENTIFIER = rta.XMLParsingToSQLite;
				PRODUCT_NAME = "$(TARGET_NAME)";
				SWIFT_EMIT_LOC_STRINGS = YES;
				SWIFT_VERSION = 5.0;
				TARGETED_DEVICE_FAMILY = "1,2";
			};
			name = Release;
		};
		51A7F05E287FED9400AA0711 /* Debug */ = {
			isa = XCBuildConfiguration;
			buildSettings = {
				BUNDLE_LOADER = "$(TEST_HOST)";
				CODE_SIGN_STYLE = Automatic;
				CURRENT_PROJECT_VERSION = 1;
				GENERATE_INFOPLIST_FILE = YES;
				MARKETING_VERSION = 1.0;
				PRODUCT_BUNDLE_IDENTIFIER = rta.XMLParsingToSQLiteTests;
				PRODUCT_NAME = "$(TARGET_NAME)";
				SWIFT_EMIT_LOC_STRINGS = NO;
				SWIFT_VERSION = 5.0;
				TARGETED_DEVICE_FAMILY = "1,2";
				TEST_HOST = "$(BUILT_PRODUCTS_DIR)/XMLParsingToSQLite.app/XMLParsingToSQLite";
			};
			name = Debug;
		};
		51A7F05F287FED9400AA0711 /* Release */ = {
			isa = XCBuildConfiguration;
			buildSettings = {
				BUNDLE_LOADER = "$(TEST_HOST)";
				CODE_SIGN_STYLE = Automatic;
				CURRENT_PROJECT_VERSION = 1;
				GENERATE_INFOPLIST_FILE = YES;
				MARKETING_VERSION = 1.0;
				PRODUCT_BUNDLE_IDENTIFIER = rta.XMLParsingToSQLiteTests;
				PRODUCT_NAME = "$(TARGET_NAME)";
				SWIFT_EMIT_LOC_STRINGS = NO;
				SWIFT_VERSION = 5.0;
				TARGETED_DEVICE_FAMILY = "1,2";
				TEST_HOST = "$(BUILT_PRODUCTS_DIR)/XMLParsingToSQLite.app/XMLParsingToSQLite";
			};
			name = Release;
		};
/* End XCBuildConfiguration section */

/* Begin XCConfigurationList section */
		514F06742872EFDE008907DB /* Build configuration list for PBXProject "XMLParsingToSQLite" */ = {
			isa = XCConfigurationList;
			buildConfigurations = (
				514F06A12872EFE0008907DB /* Debug */,
				514F06A22872EFE0008907DB /* Release */,
			);
			defaultConfigurationIsVisible = 0;
			defaultConfigurationName = Release;
		};
		514F06A32872EFE0008907DB /* Build configuration list for PBXNativeTarget "XMLParsingToSQLite" */ = {
			isa = XCConfigurationList;
			buildConfigurations = (
				514F06A42872EFE0008907DB /* Debug */,
				514F06A52872EFE0008907DB /* Release */,
			);
			defaultConfigurationIsVisible = 0;
			defaultConfigurationName = Release;
		};
		51A7F05D287FED9400AA0711 /* Build configuration list for PBXNativeTarget "XMLParsingToSQLiteTests" */ = {
			isa = XCConfigurationList;
			buildConfigurations = (
				51A7F05E287FED9400AA0711 /* Debug */,
				51A7F05F287FED9400AA0711 /* Release */,
			);
			defaultConfigurationIsVisible = 0;
			defaultConfigurationName = Release;
		};
/* End XCConfigurationList section */

/* Begin XCRemoteSwiftPackageReference section */
		51A7F050287FE9A900AA0711 /* XCRemoteSwiftPackageReference "fmdb" */ = {
			isa = XCRemoteSwiftPackageReference;
			repositoryURL = "https://github.com/ccgus/fmdb";
			requirement = {
				kind = upToNextMajorVersion;
				minimumVersion = 2.0.0;
			};
		};
/* End XCRemoteSwiftPackageReference section */

/* Begin XCSwiftPackageProductDependency section */
		51A7F051287FE9A900AA0711 /* FMDB */ = {
			isa = XCSwiftPackageProductDependency;
			package = 51A7F050287FE9A900AA0711 /* XCRemoteSwiftPackageReference "fmdb" */;
			productName = FMDB;
		};
/* End XCSwiftPackageProductDependency section */
	};
	rootObject = 514F06712872EFDE008907DB /* Project object */;
}
